// !$*UTF8*$!
{
	archiveVersion = 1;
	classes = {
	};
	objectVersion = 55;
	objects = {

/* Begin PBXBuildFile section */
		2813AC8128A4F11500F646B6 /* CameraViewController.swift in Sources */ = {isa = PBXBuildFile; fileRef = 2813AC8028A4F11500F646B6 /* CameraViewController.swift */; };
		286C520528A2347300212EA4 /* MainNavigationController.swift in Sources */ = {isa = PBXBuildFile; fileRef = 286C520428A2347300212EA4 /* MainNavigationController.swift */; };
		286C520828A2488700212EA4 /* SnapKit in Frameworks */ = {isa = PBXBuildFile; productRef = 286C520728A2488700212EA4 /* SnapKit */; };
		286C520A28A2969F00212EA4 /* RoundView.swift in Sources */ = {isa = PBXBuildFile; fileRef = 286C520928A2969F00212EA4 /* RoundView.swift */; };
		28CE619A28A37AA70038010A /* MainPage.swift in Sources */ = {isa = PBXBuildFile; fileRef = 286C520228A2092400212EA4 /* MainPage.swift */; };
		28CE619E28A3DFE30038010A /* PermissionManager.swift in Sources */ = {isa = PBXBuildFile; fileRef = 28CE619D28A3DFE30038010A /* PermissionManager.swift */; };
		28F279E2289E5AF300D984A5 /* AppDelegate.swift in Sources */ = {isa = PBXBuildFile; fileRef = 28F279E1289E5AF300D984A5 /* AppDelegate.swift */; };
		28F279E4289E5AF300D984A5 /* SceneDelegate.swift in Sources */ = {isa = PBXBuildFile; fileRef = 28F279E3289E5AF300D984A5 /* SceneDelegate.swift */; };
		28F279E6289E5AF300D984A5 /* ViewController.swift in Sources */ = {isa = PBXBuildFile; fileRef = 28F279E5289E5AF300D984A5 /* ViewController.swift */; };
		28F279E9289E5AF300D984A5 /* Main.storyboard in Resources */ = {isa = PBXBuildFile; fileRef = 28F279E7289E5AF300D984A5 /* Main.storyboard */; };
		28F279EB289E5AF400D984A5 /* Assets.xcassets in Resources */ = {isa = PBXBuildFile; fileRef = 28F279EA289E5AF400D984A5 /* Assets.xcassets */; };
		28F279EE289E5AF400D984A5 /* LaunchScreen.storyboard in Resources */ = {isa = PBXBuildFile; fileRef = 28F279EC289E5AF400D984A5 /* LaunchScreen.storyboard */; };
/* End PBXBuildFile section */

/* Begin PBXFileReference section */
		2813AC8028A4F11500F646B6 /* CameraViewController.swift */ = {isa = PBXFileReference; lastKnownFileType = sourcecode.swift; path = CameraViewController.swift; sourceTree = "<group>"; };
		286C520228A2092400212EA4 /* MainPage.swift */ = {isa = PBXFileReference; lastKnownFileType = sourcecode.swift; path = MainPage.swift; sourceTree = "<group>"; };
		286C520428A2347300212EA4 /* MainNavigationController.swift */ = {isa = PBXFileReference; lastKnownFileType = sourcecode.swift; path = MainNavigationController.swift; sourceTree = "<group>"; };
		286C520928A2969F00212EA4 /* RoundView.swift */ = {isa = PBXFileReference; lastKnownFileType = sourcecode.swift; path = RoundView.swift; sourceTree = "<group>"; };
		28CE619D28A3DFE30038010A /* PermissionManager.swift */ = {isa = PBXFileReference; lastKnownFileType = sourcecode.swift; path = PermissionManager.swift; sourceTree = "<group>"; };
		28F279DE289E5AF300D984A5 /* OCRTextTrans.app */ = {isa = PBXFileReference; explicitFileType = wrapper.application; includeInIndex = 0; path = OCRTextTrans.app; sourceTree = BUILT_PRODUCTS_DIR; };
		28F279E1289E5AF300D984A5 /* AppDelegate.swift */ = {isa = PBXFileReference; lastKnownFileType = sourcecode.swift; path = AppDelegate.swift; sourceTree = "<group>"; };
		28F279E3289E5AF300D984A5 /* SceneDelegate.swift */ = {isa = PBXFileReference; lastKnownFileType = sourcecode.swift; path = SceneDelegate.swift; sourceTree = "<group>"; };
		28F279E5289E5AF300D984A5 /* ViewController.swift */ = {isa = PBXFileReference; lastKnownFileType = sourcecode.swift; path = ViewController.swift; sourceTree = "<group>"; };
		28F279E8289E5AF300D984A5 /* Base */ = {isa = PBXFileReference; lastKnownFileType = file.storyboard; name = Base; path = Base.lproj/Main.storyboard; sourceTree = "<group>"; };
		28F279EA289E5AF400D984A5 /* Assets.xcassets */ = {isa = PBXFileReference; lastKnownFileType = folder.assetcatalog; path = Assets.xcassets; sourceTree = "<group>"; };
		28F279ED289E5AF400D984A5 /* Base */ = {isa = PBXFileReference; lastKnownFileType = file.storyboard; name = Base; path = Base.lproj/LaunchScreen.storyboard; sourceTree = "<group>"; };
		28F279EF289E5AF400D984A5 /* Info.plist */ = {isa = PBXFileReference; lastKnownFileType = text.plist.xml; path = Info.plist; sourceTree = "<group>"; };
/* End PBXFileReference section */

/* Begin PBXFrameworksBuildPhase section */
		28F279DB289E5AF300D984A5 /* Frameworks */ = {
			isa = PBXFrameworksBuildPhase;
			buildActionMask = 2147483647;
			files = (
				286C520828A2488700212EA4 /* SnapKit in Frameworks */,
			);
			runOnlyForDeploymentPostprocessing = 0;
		};
/* End PBXFrameworksBuildPhase section */

/* Begin PBXGroup section */
		286C51FF28A204FF00212EA4 /* View */ = {
			isa = PBXGroup;
			children = (
				286C520228A2092400212EA4 /* MainPage.swift */,
				286C520428A2347300212EA4 /* MainNavigationController.swift */,
				286C520928A2969F00212EA4 /* RoundView.swift */,
				2813AC8028A4F11500F646B6 /* CameraViewController.swift */,
			);
			path = View;
			sourceTree = "<group>";
		};
		28CE619F28A3E16A0038010A /* ViewModel */ = {
			isa = PBXGroup;
			children = (
			);
			path = ViewModel;
			sourceTree = "<group>";
		};
		28CE61A228A3EC7A0038010A /* Permission */ = {
			isa = PBXGroup;
			children = (
				28CE619D28A3DFE30038010A /* PermissionManager.swift */,
			);
			path = Permission;
			sourceTree = "<group>";
		};
		28F279D5289E5AF300D984A5 = {
			isa = PBXGroup;
			children = (
				28F279E0289E5AF300D984A5 /* OCRTextTrans */,
				28F279DF289E5AF300D984A5 /* Products */,
			);
			sourceTree = "<group>";
		};
		28F279DF289E5AF300D984A5 /* Products */ = {
			isa = PBXGroup;
			children = (
				28F279DE289E5AF300D984A5 /* OCRTextTrans.app */,
			);
			name = Products;
			sourceTree = "<group>";
		};
		28F279E0289E5AF300D984A5 /* OCRTextTrans */ = {
			isa = PBXGroup;
			children = (
				28CE61A228A3EC7A0038010A /* Permission */,
				28CE619F28A3E16A0038010A /* ViewModel */,
				286C51FF28A204FF00212EA4 /* View */,
				28F279E1289E5AF300D984A5 /* AppDelegate.swift */,
				28F279E3289E5AF300D984A5 /* SceneDelegate.swift */,
				28F279E5289E5AF300D984A5 /* ViewController.swift */,
				28F279E7289E5AF300D984A5 /* Main.storyboard */,
				28F279EA289E5AF400D984A5 /* Assets.xcassets */,
				28F279EC289E5AF400D984A5 /* LaunchScreen.storyboard */,
				28F279EF289E5AF400D984A5 /* Info.plist */,
			);
			path = OCRTextTrans;
			sourceTree = "<group>";
		};
/* End PBXGroup section */

/* Begin PBXNativeTarget section */
		28F279DD289E5AF300D984A5 /* OCRTextTrans */ = {
			isa = PBXNativeTarget;
			buildConfigurationList = 28F279F2289E5AF400D984A5 /* Build configuration list for PBXNativeTarget "OCRTextTrans" */;
			buildPhases = (
				28F279DA289E5AF300D984A5 /* Sources */,
				28F279DB289E5AF300D984A5 /* Frameworks */,
				28F279DC289E5AF300D984A5 /* Resources */,
			);
			buildRules = (
			);
			dependencies = (
			);
			name = OCRTextTrans;
			packageProductDependencies = (
				286C520728A2488700212EA4 /* SnapKit */,
			);
			productName = OCRTextTrans;
			productReference = 28F279DE289E5AF300D984A5 /* OCRTextTrans.app */;
			productType = "com.apple.product-type.application";
		};
/* End PBXNativeTarget section */

/* Begin PBXProject section */
		28F279D6289E5AF300D984A5 /* Project object */ = {
			isa = PBXProject;
			attributes = {
				BuildIndependentTargetsInParallel = 1;
				LastSwiftUpdateCheck = 1340;
				LastUpgradeCheck = 1340;
				TargetAttributes = {
					28F279DD289E5AF300D984A5 = {
						CreatedOnToolsVersion = 13.4.1;
					};
				};
			};
			buildConfigurationList = 28F279D9289E5AF300D984A5 /* Build configuration list for PBXProject "OCRTextTrans" */;
			compatibilityVersion = "Xcode 13.0";
			developmentRegion = en;
			hasScannedForEncodings = 0;
			knownRegions = (
				en,
				Base,
			);
			mainGroup = 28F279D5289E5AF300D984A5;
			packageReferences = (
				286C520628A2488700212EA4 /* XCRemoteSwiftPackageReference "SnapKit" */,
			);
			productRefGroup = 28F279DF289E5AF300D984A5 /* Products */;
			projectDirPath = "";
			projectRoot = "";
			targets = (
				28F279DD289E5AF300D984A5 /* OCRTextTrans */,
			);
		};
/* End PBXProject section */

/* Begin PBXResourcesBuildPhase section */
		28F279DC289E5AF300D984A5 /* Resources */ = {
			isa = PBXResourcesBuildPhase;
			buildActionMask = 2147483647;
			files = (
				28F279EE289E5AF400D984A5 /* LaunchScreen.storyboard in Resources */,
				28F279EB289E5AF400D984A5 /* Assets.xcassets in Resources */,
				28F279E9289E5AF300D984A5 /* Main.storyboard in Resources */,
			);
			runOnlyForDeploymentPostprocessing = 0;
		};
/* End PBXResourcesBuildPhase section */

/* Begin PBXSourcesBuildPhase section */
		28F279DA289E5AF300D984A5 /* Sources */ = {
			isa = PBXSourcesBuildPhase;
			buildActionMask = 2147483647;
			files = (
				286C520528A2347300212EA4 /* MainNavigationController.swift in Sources */,
				286C520A28A2969F00212EA4 /* RoundView.swift in Sources */,
				28F279E6289E5AF300D984A5 /* ViewController.swift in Sources */,
				28F279E2289E5AF300D984A5 /* AppDelegate.swift in Sources */,
				28CE619E28A3DFE30038010A /* PermissionManager.swift in Sources */,
				28F279E4289E5AF300D984A5 /* SceneDelegate.swift in Sources */,
				28CE619A28A37AA70038010A /* MainPage.swift in Sources */,
				2813AC8128A4F11500F646B6 /* CameraViewController.swift in Sources */,
			);
			runOnlyForDeploymentPostprocessing = 0;
		};
/* End PBXSourcesBuildPhase section */

/* Begin PBXVariantGroup section */
		28F279E7289E5AF300D984A5 /* Main.storyboard */ = {
			isa = PBXVariantGroup;
			children = (
				28F279E8289E5AF300D984A5 /* Base */,
			);
			name = Main.storyboard;
			sourceTree = "<group>";
		};
		28F279EC289E5AF400D984A5 /* LaunchScreen.storyboard */ = {
			isa = PBXVariantGroup;
			children = (
				28F279ED289E5AF400D984A5 /* Base */,
			);
			name = LaunchScreen.storyboard;
			sourceTree = "<group>";
		};
/* End PBXVariantGroup section */

/* Begin XCBuildConfiguration section */
		28F279F0289E5AF400D984A5 /* Debug */ = {
			isa = XCBuildConfiguration;
			buildSettings = {
				ALWAYS_SEARCH_USER_PATHS = NO;
				CLANG_ANALYZER_NONNULL = YES;
				CLANG_ANALYZER_NUMBER_OBJECT_CONVERSION = YES_AGGRESSIVE;
				CLANG_CXX_LANGUAGE_STANDARD = "gnu++17";
				CLANG_ENABLE_MODULES = YES;
				CLANG_ENABLE_OBJC_ARC = YES;
				CLANG_ENABLE_OBJC_WEAK = YES;
				CLANG_WARN_BLOCK_CAPTURE_AUTORELEASING = YES;
				CLANG_WARN_BOOL_CONVERSION = YES;
				CLANG_WARN_COMMA = YES;
				CLANG_WARN_CONSTANT_CONVERSION = YES;
				CLANG_WARN_DEPRECATED_OBJC_IMPLEMENTATIONS = YES;
				CLANG_WARN_DIRECT_OBJC_ISA_USAGE = YES_ERROR;
				CLANG_WARN_DOCUMENTATION_COMMENTS = YES;
				CLANG_WARN_EMPTY_BODY = YES;
				CLANG_WARN_ENUM_CONVERSION = YES;
				CLANG_WARN_INFINITE_RECURSION = YES;
				CLANG_WARN_INT_CONVERSION = YES;
				CLANG_WARN_NON_LITERAL_NULL_CONVERSION = YES;
				CLANG_WARN_OBJC_IMPLICIT_RETAIN_SELF = YES;
				CLANG_WARN_OBJC_LITERAL_CONVERSION = YES;
				CLANG_WARN_OBJC_ROOT_CLASS = YES_ERROR;
				CLANG_WARN_QUOTED_INCLUDE_IN_FRAMEWORK_HEADER = YES;
				CLANG_WARN_RANGE_LOOP_ANALYSIS = YES;
				CLANG_WARN_STRICT_PROTOTYPES = YES;
				CLANG_WARN_SUSPICIOUS_MOVE = YES;
				CLANG_WARN_UNGUARDED_AVAILABILITY = YES_AGGRESSIVE;
				CLANG_WARN_UNREACHABLE_CODE = YES;
				CLANG_WARN__DUPLICATE_METHOD_MATCH = YES;
				COPY_PHASE_STRIP = NO;
				DEBUG_INFORMATION_FORMAT = dwarf;
				ENABLE_STRICT_OBJC_MSGSEND = YES;
				ENABLE_TESTABILITY = YES;
				GCC_C_LANGUAGE_STANDARD = gnu11;
				GCC_DYNAMIC_NO_PIC = NO;
				GCC_NO_COMMON_BLOCKS = YES;
				GCC_OPTIMIZATION_LEVEL = 0;
				GCC_PREPROCESSOR_DEFINITIONS = (
					"DEBUG=1",
					"$(inherited)",
				);
				GCC_WARN_64_TO_32_BIT_CONVERSION = YES;
				GCC_WARN_ABOUT_RETURN_TYPE = YES_ERROR;
				GCC_WARN_UNDECLARED_SELECTOR = YES;
				GCC_WARN_UNINITIALIZED_AUTOS = YES_AGGRESSIVE;
				GCC_WARN_UNUSED_FUNCTION = YES;
				GCC_WARN_UNUSED_VARIABLE = YES;
				IPHONEOS_DEPLOYMENT_TARGET = 14.0;
				MTL_ENABLE_DEBUG_INFO = INCLUDE_SOURCE;
				MTL_FAST_MATH = YES;
				ONLY_ACTIVE_ARCH = YES;
				SDKROOT = iphoneos;
				SWIFT_ACTIVE_COMPILATION_CONDITIONS = DEBUG;
				SWIFT_OPTIMIZATION_LEVEL = "-Onone";
			};
			name = Debug;
		};
		28F279F1289E5AF400D984A5 /* Release */ = {
			isa = XCBuildConfiguration;
			buildSettings = {
				ALWAYS_SEARCH_USER_PATHS = NO;
				CLANG_ANALYZER_NONNULL = YES;
				CLANG_ANALYZER_NUMBER_OBJECT_CONVERSION = YES_AGGRESSIVE;
				CLANG_CXX_LANGUAGE_STANDARD = "gnu++17";
				CLANG_ENABLE_MODULES = YES;
				CLANG_ENABLE_OBJC_ARC = YES;
				CLANG_ENABLE_OBJC_WEAK = YES;
				CLANG_WARN_BLOCK_CAPTURE_AUTORELEASING = YES;
				CLANG_WARN_BOOL_CONVERSION = YES;
				CLANG_WARN_COMMA = YES;
				CLANG_WARN_CONSTANT_CONVERSION = YES;
				CLANG_WARN_DEPRECATED_OBJC_IMPLEMENTATIONS = YES;
				CLANG_WARN_DIRECT_OBJC_ISA_USAGE = YES_ERROR;
				CLANG_WARN_DOCUMENTATION_COMMENTS = YES;
				CLANG_WARN_EMPTY_BODY = YES;
				CLANG_WARN_ENUM_CONVERSION = YES;
				CLANG_WARN_INFINITE_RECURSION = YES;
				CLANG_WARN_INT_CONVERSION = YES;
				CLANG_WARN_NON_LITERAL_NULL_CONVERSION = YES;
				CLANG_WARN_OBJC_IMPLICIT_RETAIN_SELF = YES;
				CLANG_WARN_OBJC_LITERAL_CONVERSION = YES;
				CLANG_WARN_OBJC_ROOT_CLASS = YES_ERROR;
				CLANG_WARN_QUOTED_INCLUDE_IN_FRAMEWORK_HEADER = YES;
				CLANG_WARN_RANGE_LOOP_ANALYSIS = YES;
				CLANG_WARN_STRICT_PROTOTYPES = YES;
				CLANG_WARN_SUSPICIOUS_MOVE = YES;
				CLANG_WARN_UNGUARDED_AVAILABILITY = YES_AGGRESSIVE;
				CLANG_WARN_UNREACHABLE_CODE = YES;
				CLANG_WARN__DUPLICATE_METHOD_MATCH = YES;
				COPY_PHASE_STRIP = NO;
				DEBUG_INFORMATION_FORMAT = "dwarf-with-dsym";
				ENABLE_NS_ASSERTIONS = NO;
				ENABLE_STRICT_OBJC_MSGSEND = YES;
				GCC_C_LANGUAGE_STANDARD = gnu11;
				GCC_NO_COMMON_BLOCKS = YES;
				GCC_WARN_64_TO_32_BIT_CONVERSION = YES;
				GCC_WARN_ABOUT_RETURN_TYPE = YES_ERROR;
				GCC_WARN_UNDECLARED_SELECTOR = YES;
				GCC_WARN_UNINITIALIZED_AUTOS = YES_AGGRESSIVE;
				GCC_WARN_UNUSED_FUNCTION = YES;
				GCC_WARN_UNUSED_VARIABLE = YES;
				IPHONEOS_DEPLOYMENT_TARGET = 14.0;
				MTL_ENABLE_DEBUG_INFO = NO;
				MTL_FAST_MATH = YES;
				SDKROOT = iphoneos;
				SWIFT_COMPILATION_MODE = wholemodule;
				SWIFT_OPTIMIZATION_LEVEL = "-O";
				VALIDATE_PRODUCT = YES;
			};
			name = Release;
		};
		28F279F3289E5AF400D984A5 /* Debug */ = {
			isa = XCBuildConfiguration;
			buildSettings = {
				ASSETCATALOG_COMPILER_APPICON_NAME = AppIcon;
				ASSETCATALOG_COMPILER_GLOBAL_ACCENT_COLOR_NAME = AccentColor;
				CODE_SIGN_STYLE = Automatic;
				CURRENT_PROJECT_VERSION = 1;
				DEVELOPMENT_TEAM = 856Q6QA7Z9;
				GENERATE_INFOPLIST_FILE = YES;
				INFOPLIST_FILE = OCRTextTrans/Info.plist;
				INFOPLIST_KEY_CFBundleDisplayName = "텍스트인식";
				INFOPLIST_KEY_UIApplicationSupportsIndirectInputEvents = YES;
				INFOPLIST_KEY_UILaunchStoryboardName = LaunchScreen;
				INFOPLIST_KEY_UIMainStoryboardFile = Main;
				INFOPLIST_KEY_UISupportedInterfaceOrientations_iPad = "UIInterfaceOrientationPortrait UIInterfaceOrientationPortraitUpsideDown UIInterfaceOrientationLandscapeLeft UIInterfaceOrientationLandscapeRight";
				INFOPLIST_KEY_UISupportedInterfaceOrientations_iPhone = "UIInterfaceOrientationPortrait UIInterfaceOrientationLandscapeLeft UIInterfaceOrientationLandscapeRight";
				IPHONEOS_DEPLOYMENT_TARGET = 14.0;
				LD_RUNPATH_SEARCH_PATHS = (
					"$(inherited)",
					"@executable_path/Frameworks",
				);
				MARKETING_VERSION = 1.0;
				PRODUCT_BUNDLE_IDENTIFIER = kr.lhj.OCRTextTrans;
				PRODUCT_NAME = "$(TARGET_NAME)";
				SWIFT_EMIT_LOC_STRINGS = YES;
				SWIFT_VERSION = 5.0;
				TARGETED_DEVICE_FAMILY = 1;
			};
			name = Debug;
		};
		28F279F4289E5AF400D984A5 /* Release */ = {
			isa = XCBuildConfiguration;
			buildSettings = {
				ASSETCATALOG_COMPILER_APPICON_NAME = AppIcon;
				ASSETCATALOG_COMPILER_GLOBAL_ACCENT_COLOR_NAME = AccentColor;
				CODE_SIGN_STYLE = Automatic;
				CURRENT_PROJECT_VERSION = 1;
				DEVELOPMENT_TEAM = 856Q6QA7Z9;
				GENERATE_INFOPLIST_FILE = YES;
				INFOPLIST_FILE = OCRTextTrans/Info.plist;
				INFOPLIST_KEY_CFBundleDisplayName = "텍스트인식";
				INFOPLIST_KEY_UIApplicationSupportsIndirectInputEvents = YES;
				INFOPLIST_KEY_UILaunchStoryboardName = LaunchScreen;
				INFOPLIST_KEY_UIMainStoryboardFile = Main;
				INFOPLIST_KEY_UISupportedInterfaceOrientations_iPad = "UIInterfaceOrientationPortrait UIInterfaceOrientationPortraitUpsideDown UIInterfaceOrientationLandscapeLeft UIInterfaceOrientationLandscapeRight";
				INFOPLIST_KEY_UISupportedInterfaceOrientations_iPhone = "UIInterfaceOrientationPortrait UIInterfaceOrientationLandscapeLeft UIInterfaceOrientationLandscapeRight";
				IPHONEOS_DEPLOYMENT_TARGET = 14.0;
				LD_RUNPATH_SEARCH_PATHS = (
					"$(inherited)",
					"@executable_path/Frameworks",
				);
				MARKETING_VERSION = 1.0;
				PRODUCT_BUNDLE_IDENTIFIER = kr.lhj.OCRTextTrans;
				PRODUCT_NAME = "$(TARGET_NAME)";
				SWIFT_EMIT_LOC_STRINGS = YES;
				SWIFT_VERSION = 5.0;
				TARGETED_DEVICE_FAMILY = 1;
			};
			name = Release;
		};
/* End XCBuildConfiguration section */

/* Begin XCConfigurationList section */
		28F279D9289E5AF300D984A5 /* Build configuration list for PBXProject "OCRTextTrans" */ = {
			isa = XCConfigurationList;
			buildConfigurations = (
				28F279F0289E5AF400D984A5 /* Debug */,
				28F279F1289E5AF400D984A5 /* Release */,
			);
			defaultConfigurationIsVisible = 0;
			defaultConfigurationName = Release;
		};
		28F279F2289E5AF400D984A5 /* Build configuration list for PBXNativeTarget "OCRTextTrans" */ = {
			isa = XCConfigurationList;
			buildConfigurations = (
				28F279F3289E5AF400D984A5 /* Debug */,
				28F279F4289E5AF400D984A5 /* Release */,
			);
			defaultConfigurationIsVisible = 0;
			defaultConfigurationName = Release;
		};
/* End XCConfigurationList section */

/* Begin XCRemoteSwiftPackageReference section */
		286C520628A2488700212EA4 /* XCRemoteSwiftPackageReference "SnapKit" */ = {
			isa = XCRemoteSwiftPackageReference;
			repositoryURL = "https://github.com/SnapKit/SnapKit.git";
			requirement = {
				branch = develop;
				kind = branch;
			};
		};
/* End XCRemoteSwiftPackageReference section */

/* Begin XCSwiftPackageProductDependency section */
		286C520728A2488700212EA4 /* SnapKit */ = {
			isa = XCSwiftPackageProductDependency;
			package = 286C520628A2488700212EA4 /* XCRemoteSwiftPackageReference "SnapKit" */;
			productName = SnapKit;
		};
/* End XCSwiftPackageProductDependency section */
	};
	rootObject = 28F279D6289E5AF300D984A5 /* Project object */;
}
